
Microsoft Visual Studio Solution File, Format Version 12.00
# Visual Studio Version 17
VisualStudioVersion = 17.0.32112.339
MinimumVisualStudioVersion = 10.0.40219.1
Project("{2150E333-8FDC-42A3-9474-1A3956D46DE8}") = "Services", "Services", "{A0574E0A-2702-4177-A164-8B12D4404F9E}"
EndProject
Project("{9A19103F-16F7-4668-BE54-9A1E7A4F7556}") = "Identity", "Services\Identity\Identity.csproj", "{6B125598-BAF9-44AA-9459-F69E55AE7BE1}"
EndProject
Project("{9A19103F-16F7-4668-BE54-9A1E7A4F7556}") = "Project1", "Services\Project1\Project1.csproj", "{26D97338-93BE-4CE8-9441-01C5D448DBA6}"
EndProject
Project("{9A19103F-16F7-4668-BE54-9A1E7A4F7556}") = "Project2", "Services\Project2\Project2.csproj", "{4F477D23-BE5C-4AA8-B20A-169E5A74249A}"
EndProject
Project("{E53339B2-1760-4266-BCC7-CA923CBCF16C}") = "docker-compose", "docker-compose.dcproj", "{E1FF3427-0AEA-4EAE-A5BF-6DE0D13BF157}"
EndProject
Project("{9A19103F-16F7-4668-BE54-9A1E7A4F7556}") = "CqrsExample", "Services\CqrsExample\CqrsExample.csproj", "{E503C9ED-F4E4-448F-8EF9-52C4DEBFA099}"
EndProject
Project("{9A19103F-16F7-4668-BE54-9A1E7A4F7556}") = "Repository", "Repository\Repository.csproj", "{AA02DB33-39E2-479B-BBBE-F64E0B0BE918}"
EndProject
Project("{9A19103F-16F7-4668-BE54-9A1E7A4F7556}") = "Orders.WebApi", "Services\Orders\Orders.WebApi\Orders.WebApi.csproj", "{1D0F7AB1-0197-41EE-BE69-ED361DC0680C}"
EndProject
Project("{2150E333-8FDC-42A3-9474-1A3956D46DE8}") = "Orders", "Orders", "{2472FC29-9052-4DF3-A1CC-47536A1057FE}"
EndProject
Project("{9A19103F-16F7-4668-BE54-9A1E7A4F7556}") = "Orders.Application", "Services\Orders\Orders.Application\Orders.Application.csproj", "{926C4E98-5578-499A-A003-B0BAD7B9E224}"
EndProject
Project("{9A19103F-16F7-4668-BE54-9A1E7A4F7556}") = "Orders.Domain", "Services\Orders\Orders.Domain\Orders.Domain.csproj", "{E9D01403-8F0F-48BF-A864-F85E34990BB2}"
EndProject
Global
	GlobalSection(SolutionConfigurationPlatforms) = preSolution
		Debug|Any CPU = Debug|Any CPU
		Release|Any CPU = Release|Any CPU
	EndGlobalSection
	GlobalSection(ProjectConfigurationPlatforms) = postSolution
		{6B125598-BAF9-44AA-9459-F69E55AE7BE1}.Debug|Any CPU.ActiveCfg = Debug|Any CPU
		{6B125598-BAF9-44AA-9459-F69E55AE7BE1}.Debug|Any CPU.Build.0 = Debug|Any CPU
		{6B125598-BAF9-44AA-9459-F69E55AE7BE1}.Release|Any CPU.ActiveCfg = Release|Any CPU
		{6B125598-BAF9-44AA-9459-F69E55AE7BE1}.Release|Any CPU.Build.0 = Release|Any CPU
		{26D97338-93BE-4CE8-9441-01C5D448DBA6}.Debug|Any CPU.ActiveCfg = Debug|Any CPU
		{26D97338-93BE-4CE8-9441-01C5D448DBA6}.Debug|Any CPU.Build.0 = Debug|Any CPU
		{26D97338-93BE-4CE8-9441-01C5D448DBA6}.Release|Any CPU.ActiveCfg = Release|Any CPU
		{26D97338-93BE-4CE8-9441-01C5D448DBA6}.Release|Any CPU.Build.0 = Release|Any CPU
		{4F477D23-BE5C-4AA8-B20A-169E5A74249A}.Debug|Any CPU.ActiveCfg = Debug|Any CPU
		{4F477D23-BE5C-4AA8-B20A-169E5A74249A}.Debug|Any CPU.Build.0 = Debug|Any CPU
		{4F477D23-BE5C-4AA8-B20A-169E5A74249A}.Release|Any CPU.ActiveCfg = Release|Any CPU
		{4F477D23-BE5C-4AA8-B20A-169E5A74249A}.Release|Any CPU.Build.0 = Release|Any CPU
		{E1FF3427-0AEA-4EAE-A5BF-6DE0D13BF157}.Debug|Any CPU.ActiveCfg = Debug|Any CPU
		{E1FF3427-0AEA-4EAE-A5BF-6DE0D13BF157}.Debug|Any CPU.Build.0 = Debug|Any CPU
		{E1FF3427-0AEA-4EAE-A5BF-6DE0D13BF157}.Release|Any CPU.ActiveCfg = Release|Any CPU
		{E1FF3427-0AEA-4EAE-A5BF-6DE0D13BF157}.Release|Any CPU.Build.0 = Release|Any CPU
		{E503C9ED-F4E4-448F-8EF9-52C4DEBFA099}.Debug|Any CPU.ActiveCfg = Debug|Any CPU
		{E503C9ED-F4E4-448F-8EF9-52C4DEBFA099}.Debug|Any CPU.Build.0 = Debug|Any CPU
		{E503C9ED-F4E4-448F-8EF9-52C4DEBFA099}.Release|Any CPU.ActiveCfg = Release|Any CPU
		{E503C9ED-F4E4-448F-8EF9-52C4DEBFA099}.Release|Any CPU.Build.0 = Release|Any CPU
		{AA02DB33-39E2-479B-BBBE-F64E0B0BE918}.Debug|Any CPU.ActiveCfg = Debug|Any CPU
		{AA02DB33-39E2-479B-BBBE-F64E0B0BE918}.Debug|Any CPU.Build.0 = Debug|Any CPU
		{AA02DB33-39E2-479B-BBBE-F64E0B0BE918}.Release|Any CPU.ActiveCfg = Release|Any CPU
		{AA02DB33-39E2-479B-BBBE-F64E0B0BE918}.Release|Any CPU.Build.0 = Release|Any CPU
		{1D0F7AB1-0197-41EE-BE69-ED361DC0680C}.Debug|Any CPU.ActiveCfg = Debug|Any CPU
		{1D0F7AB1-0197-41EE-BE69-ED361DC0680C}.Debug|Any CPU.Build.0 = Debug|Any CPU
		{1D0F7AB1-0197-41EE-BE69-ED361DC0680C}.Release|Any CPU.ActiveCfg = Release|Any CPU
		{1D0F7AB1-0197-41EE-BE69-ED361DC0680C}.Release|Any CPU.Build.0 = Release|Any CPU
		{926C4E98-5578-499A-A003-B0BAD7B9E224}.Debug|Any CPU.ActiveCfg = Debug|Any CPU
		{926C4E98-5578-499A-A003-B0BAD7B9E224}.Debug|Any CPU.Build.0 = Debug|Any CPU
		{926C4E98-5578-499A-A003-B0BAD7B9E224}.Release|Any CPU.ActiveCfg = Release|Any CPU
		{926C4E98-5578-499A-A003-B0BAD7B9E224}.Release|Any CPU.Build.0 = Release|Any CPU
		{E9D01403-8F0F-48BF-A864-F85E34990BB2}.Debug|Any CPU.ActiveCfg = Debug|Any CPU
		{E9D01403-8F0F-48BF-A864-F85E34990BB2}.Debug|Any CPU.Build.0 = Debug|Any CPU
		{E9D01403-8F0F-48BF-A864-F85E34990BB2}.Release|Any CPU.ActiveCfg = Release|Any CPU
		{E9D01403-8F0F-48BF-A864-F85E34990BB2}.Release|Any CPU.Build.0 = Release|Any CPU
	EndGlobalSection
	GlobalSection(SolutionProperties) = preSolution
		HideSolutionNode = FALSE
	EndGlobalSection
	GlobalSection(NestedProjects) = preSolution
		{6B125598-BAF9-44AA-9459-F69E55AE7BE1} = {A0574E0A-2702-4177-A164-8B12D4404F9E}
		{26D97338-93BE-4CE8-9441-01C5D448DBA6} = {A0574E0A-2702-4177-A164-8B12D4404F9E}
		{4F477D23-BE5C-4AA8-B20A-169E5A74249A} = {A0574E0A-2702-4177-A164-8B12D4404F9E}
		{E503C9ED-F4E4-448F-8EF9-52C4DEBFA099} = {A0574E0A-2702-4177-A164-8B12D4404F9E}
		{1D0F7AB1-0197-41EE-BE69-ED361DC0680C} = {2472FC29-9052-4DF3-A1CC-47536A1057FE}
		{2472FC29-9052-4DF3-A1CC-47536A1057FE} = {A0574E0A-2702-4177-A164-8B12D4404F9E}
		{926C4E98-5578-499A-A003-B0BAD7B9E224} = {2472FC29-9052-4DF3-A1CC-47536A1057FE}
		{E9D01403-8F0F-48BF-A864-F85E34990BB2} = {2472FC29-9052-4DF3-A1CC-47536A1057FE}
	EndGlobalSection
	GlobalSection(ExtensibilityGlobals) = postSolution
		SolutionGuid = {B1C5A061-0022-4D5C-95A2-DC709A715D26}
	EndGlobalSection
EndGlobal
